
Microsoft Visual Studio Solution File, Format Version 12.00
# Visual Studio 15
VisualStudioVersion = 15.0.27703.2018
MinimumVisualStudioVersion = 10.0.40219.1
Project("{FAE04EC0-301F-11D3-BF4B-00C04F79EFBC}") = "Charts", "Charts\Charts.csproj", "{3DD09EE9-E0C6-4DFF-8E00-8355A9138C2E}"
EndProject
Global
	GlobalSection(SolutionConfigurationPlatforms) = preSolution
		Debug|Any CPU = Debug|Any CPU
		Release|Any CPU = Release|Any CPU
	EndGlobalSection
	GlobalSection(ProjectConfigurationPlatforms) = postSolution
		{3DD09EE9-E0C6-4DFF-8E00-8355A9138C2E}.Debug|Any CPU.ActiveCfg = Debug|Any CPU
		{3DD09EE9-E0C6-4DFF-8E00-8355A9138C2E}.Debug|Any CPU.Build.0 = Debug|Any CPU
		{3DD09EE9-E0C6-4DFF-8E00-8355A9138C2E}.Release|Any CPU.ActiveCfg = Release|Any CPU
		{3DD09EE9-E0C6-4DFF-8E00-8355A9138C2E}.Release|Any CPU.Build.0 = Release|Any CPU
	EndGlobalSection
	GlobalSection(SolutionProperties) = preSolution
		HideSolutionNode = FALSE
	EndGlobalSection
	GlobalSection(ExtensibilityGlobals) = postSolution
		SolutionGuid = {467C3BCC-AD35-4294-AFB4-349BC9301412}
	EndGlobalSection
EndGlobal
